
Microsoft Visual Studio Solution File, Format Version 12.00
# Visual Studio Version 16
VisualStudioVersion = 16.0.32106.194
MinimumVisualStudioVersion = 10.0.40219.1
Project("{FAE04EC0-301F-11D3-BF4B-00C04F79EFBC}") = "Ejercicio2_2_Firmas.Android", "Ejercicio2_2_Firmas\Ejercicio2_2_Firmas.Android\Ejercicio2_2_Firmas.Android.csproj", "{CC44FF56-0CB3-44BE-A4D8-995DB1E87747}"
EndProject
Project("{FAE04EC0-301F-11D3-BF4B-00C04F79EFBC}") = "Ejercicio2_2_Firmas", "Ejercicio2_2_Firmas\Ejercicio2_2_Firmas\Ejercicio2_2_Firmas.csproj", "{8BD019A8-A72F-476A-BACD-7E49610B1A95}"
EndProject
Global
	GlobalSection(SolutionConfigurationPlatforms) = preSolution
		Debug|Any CPU = Debug|Any CPU
		Release|Any CPU = Release|Any CPU
	EndGlobalSection
	GlobalSection(ProjectConfigurationPlatforms) = postSolution
		{CC44FF56-0CB3-44BE-A4D8-995DB1E87747}.Debug|Any CPU.ActiveCfg = Debug|Any CPU
		{CC44FF56-0CB3-44BE-A4D8-995DB1E87747}.Debug|Any CPU.Build.0 = Debug|Any CPU
		{CC44FF56-0CB3-44BE-A4D8-995DB1E87747}.Debug|Any CPU.Deploy.0 = Debug|Any CPU
		{CC44FF56-0CB3-44BE-A4D8-995DB1E87747}.Release|Any CPU.ActiveCfg = Release|Any CPU
		{CC44FF56-0CB3-44BE-A4D8-995DB1E87747}.Release|Any CPU.Build.0 = Release|Any CPU
		{CC44FF56-0CB3-44BE-A4D8-995DB1E87747}.Release|Any CPU.Deploy.0 = Release|Any CPU
		{8BD019A8-A72F-476A-BACD-7E49610B1A95}.Debug|Any CPU.ActiveCfg = Debug|Any CPU
		{8BD019A8-A72F-476A-BACD-7E49610B1A95}.Debug|Any CPU.Build.0 = Debug|Any CPU
		{8BD019A8-A72F-476A-BACD-7E49610B1A95}.Debug|Any CPU.Deploy.0 = Debug|Any CPU
		{8BD019A8-A72F-476A-BACD-7E49610B1A95}.Release|Any CPU.ActiveCfg = Release|Any CPU
		{8BD019A8-A72F-476A-BACD-7E49610B1A95}.Release|Any CPU.Build.0 = Release|Any CPU
		{8BD019A8-A72F-476A-BACD-7E49610B1A95}.Release|Any CPU.Deploy.0 = Release|Any CPU
	EndGlobalSection
	GlobalSection(SolutionProperties) = preSolution
		HideSolutionNode = FALSE
	EndGlobalSection
	GlobalSection(ExtensibilityGlobals) = postSolution
		SolutionGuid = {C046A4D0-0156-4B32-A2C5-05008D678EE0}
	EndGlobalSection
EndGlobal
